// !$*UTF8*$!
{
	archiveVersion = 1;
	classes = {
	};
	objectVersion = 51;
	objects = {

/* Begin PBXBuildFile section */
		0779EBBA88CB9218AF97E1B2 /* Pods_CovidMVVM_CovidMVVMUITests.framework in Frameworks */ = {isa = PBXBuildFile; fileRef = D87E2F74FF33BFF087DB3BA0 /* Pods_CovidMVVM_CovidMVVMUITests.framework */; };
		3D35DB6B25CB688E00019A84 /* AppDelegate.swift in Sources */ = {isa = PBXBuildFile; fileRef = 3D35DB6A25CB688E00019A84 /* AppDelegate.swift */; };
		3D35DB6D25CB688E00019A84 /* SceneDelegate.swift in Sources */ = {isa = PBXBuildFile; fileRef = 3D35DB6C25CB688E00019A84 /* SceneDelegate.swift */; };
		3D35DB6F25CB688E00019A84 /* TopViewController.swift in Sources */ = {isa = PBXBuildFile; fileRef = 3D35DB6E25CB688E00019A84 /* TopViewController.swift */; };
		3D35DB7425CB688F00019A84 /* Assets.xcassets in Resources */ = {isa = PBXBuildFile; fileRef = 3D35DB7325CB688F00019A84 /* Assets.xcassets */; };
		3D35DB7725CB688F00019A84 /* LaunchScreen.storyboard in Resources */ = {isa = PBXBuildFile; fileRef = 3D35DB7525CB688F00019A84 /* LaunchScreen.storyboard */; };
		3D35DB8225CB689000019A84 /* CovidMVVMTests.swift in Sources */ = {isa = PBXBuildFile; fileRef = 3D35DB8125CB689000019A84 /* CovidMVVMTests.swift */; };
		3D35DB8D25CB689000019A84 /* CovidMVVMUITests.swift in Sources */ = {isa = PBXBuildFile; fileRef = 3D35DB8C25CB689000019A84 /* CovidMVVMUITests.swift */; };
		3D35DBCF25CB799300019A84 /* Colors.swift in Sources */ = {isa = PBXBuildFile; fileRef = 3D35DBCE25CB799300019A84 /* Colors.swift */; };
		3D35DBD425CB79A100019A84 /* Singleton.swift in Sources */ = {isa = PBXBuildFile; fileRef = 3D35DBD325CB79A100019A84 /* Singleton.swift */; };
		3D35DBD925CB79BA00019A84 /* FirestoreData.swift in Sources */ = {isa = PBXBuildFile; fileRef = 3D35DBD825CB79BA00019A84 /* FirestoreData.swift */; };
		3D35DBDE25CB79C800019A84 /* APIConst.swift in Sources */ = {isa = PBXBuildFile; fileRef = 3D35DBDD25CB79C800019A84 /* APIConst.swift */; };
		3D35DBE325CB79CD00019A84 /* API.swift in Sources */ = {isa = PBXBuildFile; fileRef = 3D35DBE225CB79CD00019A84 /* API.swift */; };
		3D35DBE825CB79D500019A84 /* Entity.swift in Sources */ = {isa = PBXBuildFile; fileRef = 3D35DBE725CB79D500019A84 /* Entity.swift */; };
		3D35DBED25CB79DD00019A84 /* Repository.swift in Sources */ = {isa = PBXBuildFile; fileRef = 3D35DBEC25CB79DD00019A84 /* Repository.swift */; };
		3D35DBFA25CB7A8600019A84 /* HealthViewController.swift in Sources */ = {isa = PBXBuildFile; fileRef = 3D35DBF925CB7A8600019A84 /* HealthViewController.swift */; };
		3D35DC0225CB7A8D00019A84 /* ChartViewController.swift in Sources */ = {isa = PBXBuildFile; fileRef = 3D35DC0125CB7A8D00019A84 /* ChartViewController.swift */; };
		3D35DC0725CB7A9800019A84 /* CircleChartViewController.swift in Sources */ = {isa = PBXBuildFile; fileRef = 3D35DC0625CB7A9800019A84 /* CircleChartViewController.swift */; };
		3D35DC0C25CB7A9E00019A84 /* ChatViewController.swift in Sources */ = {isa = PBXBuildFile; fileRef = 3D35DC0B25CB7A9E00019A84 /* ChatViewController.swift */; };
		3D35DC1125CB7ABD00019A84 /* TopViewModel.swift in Sources */ = {isa = PBXBuildFile; fileRef = 3D35DC1025CB7ABD00019A84 /* TopViewModel.swift */; };
		3D35DC1625CB7AC800019A84 /* HealthViewModel.swift in Sources */ = {isa = PBXBuildFile; fileRef = 3D35DC1525CB7AC800019A84 /* HealthViewModel.swift */; };
		3D35DC1B25CB7ACF00019A84 /* ChartViewModel.swift in Sources */ = {isa = PBXBuildFile; fileRef = 3D35DC1A25CB7ACF00019A84 /* ChartViewModel.swift */; };
		3D35DC2025CB7AD900019A84 /* CircleChartViewModel.swift in Sources */ = {isa = PBXBuildFile; fileRef = 3D35DC1F25CB7AD900019A84 /* CircleChartViewModel.swift */; };
		3D35DC2525CB7AE700019A84 /* ChatViewModel.swift in Sources */ = {isa = PBXBuildFile; fileRef = 3D35DC2425CB7AE700019A84 /* ChatViewModel.swift */; };
		3D35DC2A25CB7AFA00019A84 /* CovidStore.swift in Sources */ = {isa = PBXBuildFile; fileRef = 3D35DC2925CB7AFA00019A84 /* CovidStore.swift */; };
		3D35DC2F25CB7B0100019A84 /* CovidDispatcher.swift in Sources */ = {isa = PBXBuildFile; fileRef = 3D35DC2E25CB7B0100019A84 /* CovidDispatcher.swift */; };
		3D35DC3425CB7B0A00019A84 /* CovidActionCreator.swift in Sources */ = {isa = PBXBuildFile; fileRef = 3D35DC3325CB7B0A00019A84 /* CovidActionCreator.swift */; };
		3D35DC3E25CB7B3200019A84 /* UIViewController+Extension.swift in Sources */ = {isa = PBXBuildFile; fileRef = 3D35DC3D25CB7B3200019A84 /* UIViewController+Extension.swift */; };
		3D35DC4325CB7B3A00019A84 /* AlertExtension.swift in Sources */ = {isa = PBXBuildFile; fileRef = 3D35DC4225CB7B3A00019A84 /* AlertExtension.swift */; };
		3D35DC4E25CB7E7500019A84 /* TopViewController.storyboard in Resources */ = {isa = PBXBuildFile; fileRef = 3D35DC4D25CB7E7500019A84 /* TopViewController.storyboard */; };
		3D35DC5325CB7E8800019A84 /* HealthViewController.storyboard in Resources */ = {isa = PBXBuildFile; fileRef = 3D35DC5225CB7E8800019A84 /* HealthViewController.storyboard */; };
		3D35DC5825CB7E9200019A84 /* ChartViewController.storyboard in Resources */ = {isa = PBXBuildFile; fileRef = 3D35DC5725CB7E9200019A84 /* ChartViewController.storyboard */; };
		3D35DC5D25CB7EA600019A84 /* CircleChartViewController.storyboard in Resources */ = {isa = PBXBuildFile; fileRef = 3D35DC5C25CB7EA600019A84 /* CircleChartViewController.storyboard */; };
		3D35DC6225CB7EB000019A84 /* ChatViewController.storyboard in Resources */ = {isa = PBXBuildFile; fileRef = 3D35DC6125CB7EB000019A84 /* ChatViewController.storyboard */; };
		3DC60FD525CE68BD00EA3EC0 /* Flux.swift in Sources */ = {isa = PBXBuildFile; fileRef = 3DC60FD425CE68BD00EA3EC0 /* Flux.swift */; };
		3DC6110825CFFC0000EA3EC0 /* GoogleService-Info.plist in Resources */ = {isa = PBXBuildFile; fileRef = 3DC6110725CFFC0000EA3EC0 /* GoogleService-Info.plist */; };
		5F148E1A7747290779467EE9 /* Pods_CovidMVVM.framework in Frameworks */ = {isa = PBXBuildFile; fileRef = D448D316BB7FB18B3574206C /* Pods_CovidMVVM.framework */; };
		948E294878831F043BB01757 /* Pods_CovidMVVMTests.framework in Frameworks */ = {isa = PBXBuildFile; fileRef = FA16E02F20BDFA6841E611D8 /* Pods_CovidMVVMTests.framework */; };
/* End PBXBuildFile section */

/* Begin PBXContainerItemProxy section */
		3D35DB7E25CB689000019A84 /* PBXContainerItemProxy */ = {
			isa = PBXContainerItemProxy;
			containerPortal = 3D35DB5F25CB688E00019A84 /* Project object */;
			proxyType = 1;
			remoteGlobalIDString = 3D35DB6625CB688E00019A84;
			remoteInfo = CovidMVVM;
		};
		3D35DB8925CB689000019A84 /* PBXContainerItemProxy */ = {
			isa = PBXContainerItemProxy;
			containerPortal = 3D35DB5F25CB688E00019A84 /* Project object */;
			proxyType = 1;
			remoteGlobalIDString = 3D35DB6625CB688E00019A84;
			remoteInfo = CovidMVVM;
		};
/* End PBXContainerItemProxy section */

/* Begin PBXFileReference section */
		1436B011CA843404B7940D49 /* Pods-CovidMVVM.release.xcconfig */ = {isa = PBXFileReference; includeInIndex = 1; lastKnownFileType = text.xcconfig; name = "Pods-CovidMVVM.release.xcconfig"; path = "Target Support Files/Pods-CovidMVVM/Pods-CovidMVVM.release.xcconfig"; sourceTree = "<group>"; };
		23EF72E7D28C42B9214ECFB4 /* Pods-CovidMVVMTests.release.xcconfig */ = {isa = PBXFileReference; includeInIndex = 1; lastKnownFileType = text.xcconfig; name = "Pods-CovidMVVMTests.release.xcconfig"; path = "Target Support Files/Pods-CovidMVVMTests/Pods-CovidMVVMTests.release.xcconfig"; sourceTree = "<group>"; };
		37DDDBF56FA63E7A8EDFBB87 /* Pods-CovidMVVM-CovidMVVMUITests.debug.xcconfig */ = {isa = PBXFileReference; includeInIndex = 1; lastKnownFileType = text.xcconfig; name = "Pods-CovidMVVM-CovidMVVMUITests.debug.xcconfig"; path = "Target Support Files/Pods-CovidMVVM-CovidMVVMUITests/Pods-CovidMVVM-CovidMVVMUITests.debug.xcconfig"; sourceTree = "<group>"; };
		3D35DB6725CB688E00019A84 /* CovidMVVM.app */ = {isa = PBXFileReference; explicitFileType = wrapper.application; includeInIndex = 0; path = CovidMVVM.app; sourceTree = BUILT_PRODUCTS_DIR; };
		3D35DB6A25CB688E00019A84 /* AppDelegate.swift */ = {isa = PBXFileReference; lastKnownFileType = sourcecode.swift; path = AppDelegate.swift; sourceTree = "<group>"; };
		3D35DB6C25CB688E00019A84 /* SceneDelegate.swift */ = {isa = PBXFileReference; lastKnownFileType = sourcecode.swift; path = SceneDelegate.swift; sourceTree = "<group>"; };
		3D35DB6E25CB688E00019A84 /* TopViewController.swift */ = {isa = PBXFileReference; lastKnownFileType = sourcecode.swift; path = TopViewController.swift; sourceTree = "<group>"; };
		3D35DB7325CB688F00019A84 /* Assets.xcassets */ = {isa = PBXFileReference; lastKnownFileType = folder.assetcatalog; path = Assets.xcassets; sourceTree = "<group>"; };
		3D35DB7625CB688F00019A84 /* Base */ = {isa = PBXFileReference; lastKnownFileType = file.storyboard; name = Base; path = Base.lproj/LaunchScreen.storyboard; sourceTree = "<group>"; };
		3D35DB7825CB688F00019A84 /* Info.plist */ = {isa = PBXFileReference; lastKnownFileType = text.plist.xml; path = Info.plist; sourceTree = "<group>"; };
		3D35DB7D25CB689000019A84 /* CovidMVVMTests.xctest */ = {isa = PBXFileReference; explicitFileType = wrapper.cfbundle; includeInIndex = 0; path = CovidMVVMTests.xctest; sourceTree = BUILT_PRODUCTS_DIR; };
		3D35DB8125CB689000019A84 /* CovidMVVMTests.swift */ = {isa = PBXFileReference; lastKnownFileType = sourcecode.swift; path = CovidMVVMTests.swift; sourceTree = "<group>"; };
		3D35DB8325CB689000019A84 /* Info.plist */ = {isa = PBXFileReference; lastKnownFileType = text.plist.xml; path = Info.plist; sourceTree = "<group>"; };
		3D35DB8825CB689000019A84 /* CovidMVVMUITests.xctest */ = {isa = PBXFileReference; explicitFileType = wrapper.cfbundle; includeInIndex = 0; path = CovidMVVMUITests.xctest; sourceTree = BUILT_PRODUCTS_DIR; };
		3D35DB8C25CB689000019A84 /* CovidMVVMUITests.swift */ = {isa = PBXFileReference; lastKnownFileType = sourcecode.swift; path = CovidMVVMUITests.swift; sourceTree = "<group>"; };
		3D35DB8E25CB689000019A84 /* Info.plist */ = {isa = PBXFileReference; lastKnownFileType = text.plist.xml; path = Info.plist; sourceTree = "<group>"; };
		3D35DBCE25CB799300019A84 /* Colors.swift */ = {isa = PBXFileReference; lastKnownFileType = sourcecode.swift; path = Colors.swift; sourceTree = "<group>"; };
		3D35DBD325CB79A100019A84 /* Singleton.swift */ = {isa = PBXFileReference; lastKnownFileType = sourcecode.swift; path = Singleton.swift; sourceTree = "<group>"; };
		3D35DBD825CB79BA00019A84 /* FirestoreData.swift */ = {isa = PBXFileReference; lastKnownFileType = sourcecode.swift; path = FirestoreData.swift; sourceTree = "<group>"; };
		3D35DBDD25CB79C800019A84 /* APIConst.swift */ = {isa = PBXFileReference; lastKnownFileType = sourcecode.swift; path = APIConst.swift; sourceTree = "<group>"; };
		3D35DBE225CB79CD00019A84 /* API.swift */ = {isa = PBXFileReference; lastKnownFileType = sourcecode.swift; path = API.swift; sourceTree = "<group>"; };
		3D35DBE725CB79D500019A84 /* Entity.swift */ = {isa = PBXFileReference; lastKnownFileType = sourcecode.swift; path = Entity.swift; sourceTree = "<group>"; };
		3D35DBEC25CB79DD00019A84 /* Repository.swift */ = {isa = PBXFileReference; lastKnownFileType = sourcecode.swift; path = Repository.swift; sourceTree = "<group>"; };
		3D35DBF925CB7A8600019A84 /* HealthViewController.swift */ = {isa = PBXFileReference; lastKnownFileType = sourcecode.swift; path = HealthViewController.swift; sourceTree = "<group>"; };
		3D35DC0125CB7A8D00019A84 /* ChartViewController.swift */ = {isa = PBXFileReference; lastKnownFileType = sourcecode.swift; path = ChartViewController.swift; sourceTree = "<group>"; };
		3D35DC0625CB7A9800019A84 /* CircleChartViewController.swift */ = {isa = PBXFileReference; lastKnownFileType = sourcecode.swift; path = CircleChartViewController.swift; sourceTree = "<group>"; };
		3D35DC0B25CB7A9E00019A84 /* ChatViewController.swift */ = {isa = PBXFileReference; lastKnownFileType = sourcecode.swift; path = ChatViewController.swift; sourceTree = "<group>"; };
		3D35DC1025CB7ABD00019A84 /* TopViewModel.swift */ = {isa = PBXFileReference; lastKnownFileType = sourcecode.swift; path = TopViewModel.swift; sourceTree = "<group>"; };
		3D35DC1525CB7AC800019A84 /* HealthViewModel.swift */ = {isa = PBXFileReference; lastKnownFileType = sourcecode.swift; path = HealthViewModel.swift; sourceTree = "<group>"; };
		3D35DC1A25CB7ACF00019A84 /* ChartViewModel.swift */ = {isa = PBXFileReference; lastKnownFileType = sourcecode.swift; path = ChartViewModel.swift; sourceTree = "<group>"; };
		3D35DC1F25CB7AD900019A84 /* CircleChartViewModel.swift */ = {isa = PBXFileReference; lastKnownFileType = sourcecode.swift; path = CircleChartViewModel.swift; sourceTree = "<group>"; };
		3D35DC2425CB7AE700019A84 /* ChatViewModel.swift */ = {isa = PBXFileReference; lastKnownFileType = sourcecode.swift; path = ChatViewModel.swift; sourceTree = "<group>"; };
		3D35DC2925CB7AFA00019A84 /* CovidStore.swift */ = {isa = PBXFileReference; lastKnownFileType = sourcecode.swift; path = CovidStore.swift; sourceTree = "<group>"; };
		3D35DC2E25CB7B0100019A84 /* CovidDispatcher.swift */ = {isa = PBXFileReference; lastKnownFileType = sourcecode.swift; path = CovidDispatcher.swift; sourceTree = "<group>"; };
		3D35DC3325CB7B0A00019A84 /* CovidActionCreator.swift */ = {isa = PBXFileReference; lastKnownFileType = sourcecode.swift; path = CovidActionCreator.swift; sourceTree = "<group>"; };
		3D35DC3D25CB7B3200019A84 /* UIViewController+Extension.swift */ = {isa = PBXFileReference; lastKnownFileType = sourcecode.swift; path = "UIViewController+Extension.swift"; sourceTree = "<group>"; };
		3D35DC4225CB7B3A00019A84 /* AlertExtension.swift */ = {isa = PBXFileReference; lastKnownFileType = sourcecode.swift; path = AlertExtension.swift; sourceTree = "<group>"; };
		3D35DC4D25CB7E7500019A84 /* TopViewController.storyboard */ = {isa = PBXFileReference; lastKnownFileType = file.storyboard; path = TopViewController.storyboard; sourceTree = "<group>"; };
		3D35DC5225CB7E8800019A84 /* HealthViewController.storyboard */ = {isa = PBXFileReference; lastKnownFileType = file.storyboard; path = HealthViewController.storyboard; sourceTree = "<group>"; };
		3D35DC5725CB7E9200019A84 /* ChartViewController.storyboard */ = {isa = PBXFileReference; lastKnownFileType = file.storyboard; path = ChartViewController.storyboard; sourceTree = "<group>"; };
		3D35DC5C25CB7EA600019A84 /* CircleChartViewController.storyboard */ = {isa = PBXFileReference; lastKnownFileType = file.storyboard; path = CircleChartViewController.storyboard; sourceTree = "<group>"; };
		3D35DC6125CB7EB000019A84 /* ChatViewController.storyboard */ = {isa = PBXFileReference; lastKnownFileType = file.storyboard; path = ChatViewController.storyboard; sourceTree = "<group>"; };
		3DC60FD425CE68BD00EA3EC0 /* Flux.swift */ = {isa = PBXFileReference; lastKnownFileType = sourcecode.swift; path = Flux.swift; sourceTree = "<group>"; };
		3DC6110725CFFC0000EA3EC0 /* GoogleService-Info.plist */ = {isa = PBXFileReference; fileEncoding = 4; lastKnownFileType = text.plist.xml; path = "GoogleService-Info.plist"; sourceTree = "<group>"; };
		79F05A11F1AB0B3209E44BF0 /* Pods-CovidMVVMTests.debug.xcconfig */ = {isa = PBXFileReference; includeInIndex = 1; lastKnownFileType = text.xcconfig; name = "Pods-CovidMVVMTests.debug.xcconfig"; path = "Target Support Files/Pods-CovidMVVMTests/Pods-CovidMVVMTests.debug.xcconfig"; sourceTree = "<group>"; };
		7D437B7CA6A96DCFC165004A /* Pods-CovidMVVM.debug.xcconfig */ = {isa = PBXFileReference; includeInIndex = 1; lastKnownFileType = text.xcconfig; name = "Pods-CovidMVVM.debug.xcconfig"; path = "Target Support Files/Pods-CovidMVVM/Pods-CovidMVVM.debug.xcconfig"; sourceTree = "<group>"; };
		B0BFD043F59D15CD526D13ED /* Pods-CovidMVVM-CovidMVVMUITests.release.xcconfig */ = {isa = PBXFileReference; includeInIndex = 1; lastKnownFileType = text.xcconfig; name = "Pods-CovidMVVM-CovidMVVMUITests.release.xcconfig"; path = "Target Support Files/Pods-CovidMVVM-CovidMVVMUITests/Pods-CovidMVVM-CovidMVVMUITests.release.xcconfig"; sourceTree = "<group>"; };
		D448D316BB7FB18B3574206C /* Pods_CovidMVVM.framework */ = {isa = PBXFileReference; explicitFileType = wrapper.framework; includeInIndex = 0; path = Pods_CovidMVVM.framework; sourceTree = BUILT_PRODUCTS_DIR; };
		D87E2F74FF33BFF087DB3BA0 /* Pods_CovidMVVM_CovidMVVMUITests.framework */ = {isa = PBXFileReference; explicitFileType = wrapper.framework; includeInIndex = 0; path = Pods_CovidMVVM_CovidMVVMUITests.framework; sourceTree = BUILT_PRODUCTS_DIR; };
		FA16E02F20BDFA6841E611D8 /* Pods_CovidMVVMTests.framework */ = {isa = PBXFileReference; explicitFileType = wrapper.framework; includeInIndex = 0; path = Pods_CovidMVVMTests.framework; sourceTree = BUILT_PRODUCTS_DIR; };
/* End PBXFileReference section */

/* Begin PBXFrameworksBuildPhase section */
		3D35DB6425CB688E00019A84 /* Frameworks */ = {
			isa = PBXFrameworksBuildPhase;
			buildActionMask = 2147483647;
			files = (
				5F148E1A7747290779467EE9 /* Pods_CovidMVVM.framework in Frameworks */,
			);
			runOnlyForDeploymentPostprocessing = 0;
		};
		3D35DB7A25CB689000019A84 /* Frameworks */ = {
			isa = PBXFrameworksBuildPhase;
			buildActionMask = 2147483647;
			files = (
				948E294878831F043BB01757 /* Pods_CovidMVVMTests.framework in Frameworks */,
			);
			runOnlyForDeploymentPostprocessing = 0;
		};
		3D35DB8525CB689000019A84 /* Frameworks */ = {
			isa = PBXFrameworksBuildPhase;
			buildActionMask = 2147483647;
			files = (
				0779EBBA88CB9218AF97E1B2 /* Pods_CovidMVVM_CovidMVVMUITests.framework in Frameworks */,
			);
			runOnlyForDeploymentPostprocessing = 0;
		};
/* End PBXFrameworksBuildPhase section */

/* Begin PBXGroup section */
		3D35DB5E25CB688E00019A84 = {
			isa = PBXGroup;
			children = (
				3D35DB6925CB688E00019A84 /* CovidMVVM */,
				3D35DB8025CB689000019A84 /* CovidMVVMTests */,
				3D35DB8B25CB689000019A84 /* CovidMVVMUITests */,
				3D35DB6825CB688E00019A84 /* Products */,
				5A410DC3E94F3327B8CD99A7 /* Pods */,
				6812A129480062FED3CC524C /* Frameworks */,
			);
			sourceTree = "<group>";
		};
		3D35DB6825CB688E00019A84 /* Products */ = {
			isa = PBXGroup;
			children = (
				3D35DB6725CB688E00019A84 /* CovidMVVM.app */,
				3D35DB7D25CB689000019A84 /* CovidMVVMTests.xctest */,
				3D35DB8825CB689000019A84 /* CovidMVVMUITests.xctest */,
			);
			name = Products;
			sourceTree = "<group>";
		};
		3D35DB6925CB688E00019A84 /* CovidMVVM */ = {
			isa = PBXGroup;
			children = (
				3D35DB6A25CB688E00019A84 /* AppDelegate.swift */,
				3D35DB6C25CB688E00019A84 /* SceneDelegate.swift */,
				3DC6106A25CF7F8B00EA3EC0 /* API */,
				3D35DBF525CB7A4400019A84 /* Flux */,
				3D35DBF425CB7A3900019A84 /* View */,
				3D35DBF225CB7A2800019A84 /* ViewModel */,
				3DC6101725CEB55A00EA3EC0 /* Model */,
				3D35DBF125CB79F800019A84 /* Extension */,
				3D35DB7325CB688F00019A84 /* Assets.xcassets */,
				3D35DB7525CB688F00019A84 /* LaunchScreen.storyboard */,
				3D35DB7825CB688F00019A84 /* Info.plist */,
				3DC6110725CFFC0000EA3EC0 /* GoogleService-Info.plist */,
			);
			path = CovidMVVM;
			sourceTree = "<group>";
		};
		3D35DB8025CB689000019A84 /* CovidMVVMTests */ = {
			isa = PBXGroup;
			children = (
				3D35DB8125CB689000019A84 /* CovidMVVMTests.swift */,
				3D35DB8325CB689000019A84 /* Info.plist */,
			);
			path = CovidMVVMTests;
			sourceTree = "<group>";
		};
		3D35DB8B25CB689000019A84 /* CovidMVVMUITests */ = {
			isa = PBXGroup;
			children = (
				3D35DB8C25CB689000019A84 /* CovidMVVMUITests.swift */,
				3D35DB8E25CB689000019A84 /* Info.plist */,
			);
			path = CovidMVVMUITests;
			sourceTree = "<group>";
		};
		3D35DBF125CB79F800019A84 /* Extension */ = {
			isa = PBXGroup;
			children = (
				3D35DC3D25CB7B3200019A84 /* UIViewController+Extension.swift */,
				3D35DC4225CB7B3A00019A84 /* AlertExtension.swift */,
			);
			path = Extension;
			sourceTree = "<group>";
		};
		3D35DBF225CB7A2800019A84 /* ViewModel */ = {
			isa = PBXGroup;
			children = (
				3D35DC1025CB7ABD00019A84 /* TopViewModel.swift */,
				3D35DC1525CB7AC800019A84 /* HealthViewModel.swift */,
				3D35DC1A25CB7ACF00019A84 /* ChartViewModel.swift */,
				3D35DC1F25CB7AD900019A84 /* CircleChartViewModel.swift */,
				3D35DC2425CB7AE700019A84 /* ChatViewModel.swift */,
			);
			path = ViewModel;
			sourceTree = "<group>";
		};
		3D35DBF425CB7A3900019A84 /* View */ = {
			isa = PBXGroup;
			children = (
				3D35DB6E25CB688E00019A84 /* TopViewController.swift */,
				3D35DC4D25CB7E7500019A84 /* TopViewController.storyboard */,
				3D35DBF925CB7A8600019A84 /* HealthViewController.swift */,
				3D35DC5225CB7E8800019A84 /* HealthViewController.storyboard */,
				3D35DC0125CB7A8D00019A84 /* ChartViewController.swift */,
				3D35DC5725CB7E9200019A84 /* ChartViewController.storyboard */,
				3D35DC0625CB7A9800019A84 /* CircleChartViewController.swift */,
				3D35DC5C25CB7EA600019A84 /* CircleChartViewController.storyboard */,
				3D35DC0B25CB7A9E00019A84 /* ChatViewController.swift */,
				3D35DC6125CB7EB000019A84 /* ChatViewController.storyboard */,
			);
			path = View;
			sourceTree = "<group>";
		};
		3D35DBF525CB7A4400019A84 /* Flux */ = {
			isa = PBXGroup;
			children = (
				3DC60FD425CE68BD00EA3EC0 /* Flux.swift */,
				3D35DC2925CB7AFA00019A84 /* CovidStore.swift */,
				3D35DC2E25CB7B0100019A84 /* CovidDispatcher.swift */,
				3D35DC3325CB7B0A00019A84 /* CovidActionCreator.swift */,
			);
			path = Flux;
			sourceTree = "<group>";
		};
		3DC6101725CEB55A00EA3EC0 /* Model */ = {
			isa = PBXGroup;
			children = (
				3D35DBD325CB79A100019A84 /* Singleton.swift */,
				3D35DBD825CB79BA00019A84 /* FirestoreData.swift */,
				3D35DBCE25CB799300019A84 /* Colors.swift */,
			);
			path = Model;
			sourceTree = "<group>";
		};
		3DC6106A25CF7F8B00EA3EC0 /* API */ = {
			isa = PBXGroup;
			children = (
				3D35DBDD25CB79C800019A84 /* APIConst.swift */,
				3D35DBE225CB79CD00019A84 /* API.swift */,
				3D35DBEC25CB79DD00019A84 /* Repository.swift */,
				3D35DBE725CB79D500019A84 /* Entity.swift */,
			);
			path = API;
			sourceTree = "<group>";
		};
		5A410DC3E94F3327B8CD99A7 /* Pods */ = {
			isa = PBXGroup;
			children = (
				7D437B7CA6A96DCFC165004A /* Pods-CovidMVVM.debug.xcconfig */,
				1436B011CA843404B7940D49 /* Pods-CovidMVVM.release.xcconfig */,
				37DDDBF56FA63E7A8EDFBB87 /* Pods-CovidMVVM-CovidMVVMUITests.debug.xcconfig */,
				B0BFD043F59D15CD526D13ED /* Pods-CovidMVVM-CovidMVVMUITests.release.xcconfig */,
				79F05A11F1AB0B3209E44BF0 /* Pods-CovidMVVMTests.debug.xcconfig */,
				23EF72E7D28C42B9214ECFB4 /* Pods-CovidMVVMTests.release.xcconfig */,
			);
			path = Pods;
			sourceTree = "<group>";
		};
		6812A129480062FED3CC524C /* Frameworks */ = {
			isa = PBXGroup;
			children = (
				D448D316BB7FB18B3574206C /* Pods_CovidMVVM.framework */,
				D87E2F74FF33BFF087DB3BA0 /* Pods_CovidMVVM_CovidMVVMUITests.framework */,
				FA16E02F20BDFA6841E611D8 /* Pods_CovidMVVMTests.framework */,
			);
			name = Frameworks;
			sourceTree = "<group>";
		};
/* End PBXGroup section */

/* Begin PBXNativeTarget section */
		3D35DB6625CB688E00019A84 /* CovidMVVM */ = {
			isa = PBXNativeTarget;
			buildConfigurationList = 3D35DB9125CB689000019A84 /* Build configuration list for PBXNativeTarget "CovidMVVM" */;
			buildPhases = (
				1B6AE94C22B09BB40F4CFC5C /* [CP] Check Pods Manifest.lock */,
				3D35DB6325CB688E00019A84 /* Sources */,
				3D35DB6425CB688E00019A84 /* Frameworks */,
				3D35DB6525CB688E00019A84 /* Resources */,
				CE02265F545D8D5C8AA52097 /* [CP] Embed Pods Frameworks */,
			);
			buildRules = (
			);
			dependencies = (
			);
			name = CovidMVVM;
			productName = CovidMVVM;
			productReference = 3D35DB6725CB688E00019A84 /* CovidMVVM.app */;
			productType = "com.apple.product-type.application";
		};
		3D35DB7C25CB689000019A84 /* CovidMVVMTests */ = {
			isa = PBXNativeTarget;
			buildConfigurationList = 3D35DB9425CB689000019A84 /* Build configuration list for PBXNativeTarget "CovidMVVMTests" */;
			buildPhases = (
				F1083018FEE54D9C0119236D /* [CP] Check Pods Manifest.lock */,
				3D35DB7925CB689000019A84 /* Sources */,
				3D35DB7A25CB689000019A84 /* Frameworks */,
				3D35DB7B25CB689000019A84 /* Resources */,
			);
			buildRules = (
			);
			dependencies = (
				3D35DB7F25CB689000019A84 /* PBXTargetDependency */,
			);
			name = CovidMVVMTests;
			productName = CovidMVVMTests;
			productReference = 3D35DB7D25CB689000019A84 /* CovidMVVMTests.xctest */;
			productType = "com.apple.product-type.bundle.unit-test";
		};
		3D35DB8725CB689000019A84 /* CovidMVVMUITests */ = {
			isa = PBXNativeTarget;
			buildConfigurationList = 3D35DB9725CB689000019A84 /* Build configuration list for PBXNativeTarget "CovidMVVMUITests" */;
			buildPhases = (
				642DDBD2D750BD5CFEE6E5D2 /* [CP] Check Pods Manifest.lock */,
				3D35DB8425CB689000019A84 /* Sources */,
				3D35DB8525CB689000019A84 /* Frameworks */,
				3D35DB8625CB689000019A84 /* Resources */,
				980E0A291FECD4CDC0075A00 /* [CP] Embed Pods Frameworks */,
			);
			buildRules = (
			);
			dependencies = (
				3D35DB8A25CB689000019A84 /* PBXTargetDependency */,
			);
			name = CovidMVVMUITests;
			productName = CovidMVVMUITests;
			productReference = 3D35DB8825CB689000019A84 /* CovidMVVMUITests.xctest */;
			productType = "com.apple.product-type.bundle.ui-testing";
		};
/* End PBXNativeTarget section */

/* Begin PBXProject section */
		3D35DB5F25CB688E00019A84 /* Project object */ = {
			isa = PBXProject;
			attributes = {
				LastSwiftUpdateCheck = 1220;
				LastUpgradeCheck = 1220;
				TargetAttributes = {
					3D35DB6625CB688E00019A84 = {
						CreatedOnToolsVersion = 12.2;
					};
					3D35DB7C25CB689000019A84 = {
						CreatedOnToolsVersion = 12.2;
						TestTargetID = 3D35DB6625CB688E00019A84;
					};
					3D35DB8725CB689000019A84 = {
						CreatedOnToolsVersion = 12.2;
						TestTargetID = 3D35DB6625CB688E00019A84;
					};
				};
			};
			buildConfigurationList = 3D35DB6225CB688E00019A84 /* Build configuration list for PBXProject "CovidMVVM" */;
			compatibilityVersion = "Xcode 9.3";
			developmentRegion = en;
			hasScannedForEncodings = 0;
			knownRegions = (
				en,
				Base,
			);
			mainGroup = 3D35DB5E25CB688E00019A84;
			productRefGroup = 3D35DB6825CB688E00019A84 /* Products */;
			projectDirPath = "";
			projectRoot = "";
			targets = (
				3D35DB6625CB688E00019A84 /* CovidMVVM */,
				3D35DB7C25CB689000019A84 /* CovidMVVMTests */,
				3D35DB8725CB689000019A84 /* CovidMVVMUITests */,
			);
		};
/* End PBXProject section */

/* Begin PBXResourcesBuildPhase section */
		3D35DB6525CB688E00019A84 /* Resources */ = {
			isa = PBXResourcesBuildPhase;
			buildActionMask = 2147483647;
			files = (
				3D35DC5825CB7E9200019A84 /* ChartViewController.storyboard in Resources */,
				3DC6110825CFFC0000EA3EC0 /* GoogleService-Info.plist in Resources */,
				3D35DB7725CB688F00019A84 /* LaunchScreen.storyboard in Resources */,
				3D35DC4E25CB7E7500019A84 /* TopViewController.storyboard in Resources */,
				3D35DC6225CB7EB000019A84 /* ChatViewController.storyboard in Resources */,
				3D35DC5D25CB7EA600019A84 /* CircleChartViewController.storyboard in Resources */,
				3D35DB7425CB688F00019A84 /* Assets.xcassets in Resources */,
				3D35DC5325CB7E8800019A84 /* HealthViewController.storyboard in Resources */,
			);
			runOnlyForDeploymentPostprocessing = 0;
		};
		3D35DB7B25CB689000019A84 /* Resources */ = {
			isa = PBXResourcesBuildPhase;
			buildActionMask = 2147483647;
			files = (
			);
			runOnlyForDeploymentPostprocessing = 0;
		};
		3D35DB8625CB689000019A84 /* Resources */ = {
			isa = PBXResourcesBuildPhase;
			buildActionMask = 2147483647;
			files = (
			);
			runOnlyForDeploymentPostprocessing = 0;
		};
/* End PBXResourcesBuildPhase section */

/* Begin PBXShellScriptBuildPhase section */
		1B6AE94C22B09BB40F4CFC5C /* [CP] Check Pods Manifest.lock */ = {
			isa = PBXShellScriptBuildPhase;
			buildActionMask = 2147483647;
			files = (
			);
			inputFileListPaths = (
			);
			inputPaths = (
				"${PODS_PODFILE_DIR_PATH}/Podfile.lock",
				"${PODS_ROOT}/Manifest.lock",
			);
			name = "[CP] Check Pods Manifest.lock";
			outputFileListPaths = (
			);
			outputPaths = (
				"$(DERIVED_FILE_DIR)/Pods-CovidMVVM-checkManifestLockResult.txt",
			);
			runOnlyForDeploymentPostprocessing = 0;
			shellPath = /bin/sh;
			shellScript = "diff \"${PODS_PODFILE_DIR_PATH}/Podfile.lock\" \"${PODS_ROOT}/Manifest.lock\" > /dev/null\nif [ $? != 0 ] ; then\n    # print error to STDERR\n    echo \"error: The sandbox is not in sync with the Podfile.lock. Run 'pod install' or update your CocoaPods installation.\" >&2\n    exit 1\nfi\n# This output is used by Xcode 'outputs' to avoid re-running this script phase.\necho \"SUCCESS\" > \"${SCRIPT_OUTPUT_FILE_0}\"\n";
			showEnvVarsInLog = 0;
		};
		642DDBD2D750BD5CFEE6E5D2 /* [CP] Check Pods Manifest.lock */ = {
			isa = PBXShellScriptBuildPhase;
			buildActionMask = 2147483647;
			files = (
			);
			inputFileListPaths = (
			);
			inputPaths = (
				"${PODS_PODFILE_DIR_PATH}/Podfile.lock",
				"${PODS_ROOT}/Manifest.lock",
			);
			name = "[CP] Check Pods Manifest.lock";
			outputFileListPaths = (
			);
			outputPaths = (
				"$(DERIVED_FILE_DIR)/Pods-CovidMVVM-CovidMVVMUITests-checkManifestLockResult.txt",
			);
			runOnlyForDeploymentPostprocessing = 0;
			shellPath = /bin/sh;
			shellScript = "diff \"${PODS_PODFILE_DIR_PATH}/Podfile.lock\" \"${PODS_ROOT}/Manifest.lock\" > /dev/null\nif [ $? != 0 ] ; then\n    # print error to STDERR\n    echo \"error: The sandbox is not in sync with the Podfile.lock. Run 'pod install' or update your CocoaPods installation.\" >&2\n    exit 1\nfi\n# This output is used by Xcode 'outputs' to avoid re-running this script phase.\necho \"SUCCESS\" > \"${SCRIPT_OUTPUT_FILE_0}\"\n";
			showEnvVarsInLog = 0;
		};
		980E0A291FECD4CDC0075A00 /* [CP] Embed Pods Frameworks */ = {
			isa = PBXShellScriptBuildPhase;
			buildActionMask = 2147483647;
			files = (
			);
			inputFileListPaths = (
				"${PODS_ROOT}/Target Support Files/Pods-CovidMVVM-CovidMVVMUITests/Pods-CovidMVVM-CovidMVVMUITests-frameworks-${CONFIGURATION}-input-files.xcfilelist",
			);
			name = "[CP] Embed Pods Frameworks";
			outputFileListPaths = (
				"${PODS_ROOT}/Target Support Files/Pods-CovidMVVM-CovidMVVMUITests/Pods-CovidMVVM-CovidMVVMUITests-frameworks-${CONFIGURATION}-output-files.xcfilelist",
			);
			runOnlyForDeploymentPostprocessing = 0;
			shellPath = /bin/sh;
			shellScript = "\"${PODS_ROOT}/Target Support Files/Pods-CovidMVVM-CovidMVVMUITests/Pods-CovidMVVM-CovidMVVMUITests-frameworks.sh\"\n";
			showEnvVarsInLog = 0;
		};
		CE02265F545D8D5C8AA52097 /* [CP] Embed Pods Frameworks */ = {
			isa = PBXShellScriptBuildPhase;
			buildActionMask = 2147483647;
			files = (
			);
			inputFileListPaths = (
				"${PODS_ROOT}/Target Support Files/Pods-CovidMVVM/Pods-CovidMVVM-frameworks-${CONFIGURATION}-input-files.xcfilelist",
			);
			name = "[CP] Embed Pods Frameworks";
			outputFileListPaths = (
				"${PODS_ROOT}/Target Support Files/Pods-CovidMVVM/Pods-CovidMVVM-frameworks-${CONFIGURATION}-output-files.xcfilelist",
			);
			runOnlyForDeploymentPostprocessing = 0;
			shellPath = /bin/sh;
			shellScript = "\"${PODS_ROOT}/Target Support Files/Pods-CovidMVVM/Pods-CovidMVVM-frameworks.sh\"\n";
			showEnvVarsInLog = 0;
		};
		F1083018FEE54D9C0119236D /* [CP] Check Pods Manifest.lock */ = {
			isa = PBXShellScriptBuildPhase;
			buildActionMask = 2147483647;
			files = (
			);
			inputFileListPaths = (
			);
			inputPaths = (
				"${PODS_PODFILE_DIR_PATH}/Podfile.lock",
				"${PODS_ROOT}/Manifest.lock",
			);
			name = "[CP] Check Pods Manifest.lock";
			outputFileListPaths = (
			);
			outputPaths = (
				"$(DERIVED_FILE_DIR)/Pods-CovidMVVMTests-checkManifestLockResult.txt",
			);
			runOnlyForDeploymentPostprocessing = 0;
			shellPath = /bin/sh;
			shellScript = "diff \"${PODS_PODFILE_DIR_PATH}/Podfile.lock\" \"${PODS_ROOT}/Manifest.lock\" > /dev/null\nif [ $? != 0 ] ; then\n    # print error to STDERR\n    echo \"error: The sandbox is not in sync with the Podfile.lock. Run 'pod install' or update your CocoaPods installation.\" >&2\n    exit 1\nfi\n# This output is used by Xcode 'outputs' to avoid re-running this script phase.\necho \"SUCCESS\" > \"${SCRIPT_OUTPUT_FILE_0}\"\n";
			showEnvVarsInLog = 0;
		};
/* End PBXShellScriptBuildPhase section */

/* Begin PBXSourcesBuildPhase section */
		3D35DB6325CB688E00019A84 /* Sources */ = {
			isa = PBXSourcesBuildPhase;
			buildActionMask = 2147483647;
			files = (
				3D35DC3E25CB7B3200019A84 /* UIViewController+Extension.swift in Sources */,
				3D35DC1B25CB7ACF00019A84 /* ChartViewModel.swift in Sources */,
				3D35DB6F25CB688E00019A84 /* TopViewController.swift in Sources */,
				3D35DC0725CB7A9800019A84 /* CircleChartViewController.swift in Sources */,
				3DC60FD525CE68BD00EA3EC0 /* Flux.swift in Sources */,
				3D35DBD925CB79BA00019A84 /* FirestoreData.swift in Sources */,
				3D35DBCF25CB799300019A84 /* Colors.swift in Sources */,
				3D35DC2F25CB7B0100019A84 /* CovidDispatcher.swift in Sources */,
				3D35DC3425CB7B0A00019A84 /* CovidActionCreator.swift in Sources */,
				3D35DC2A25CB7AFA00019A84 /* CovidStore.swift in Sources */,
				3D35DBDE25CB79C800019A84 /* APIConst.swift in Sources */,
				3D35DC4325CB7B3A00019A84 /* AlertExtension.swift in Sources */,
				3D35DC1625CB7AC800019A84 /* HealthViewModel.swift in Sources */,
				3D35DB6B25CB688E00019A84 /* AppDelegate.swift in Sources */,
				3D35DC0225CB7A8D00019A84 /* ChartViewController.swift in Sources */,
				3D35DC1125CB7ABD00019A84 /* TopViewModel.swift in Sources */,
				3D35DBE825CB79D500019A84 /* Entity.swift in Sources */,
				3D35DC2525CB7AE700019A84 /* ChatViewModel.swift in Sources */,
				3D35DBD425CB79A100019A84 /* Singleton.swift in Sources */,
				3D35DBFA25CB7A8600019A84 /* HealthViewController.swift in Sources */,
				3D35DC2025CB7AD900019A84 /* CircleChartViewModel.swift in Sources */,
				3D35DC0C25CB7A9E00019A84 /* ChatViewController.swift in Sources */,
				3D35DBED25CB79DD00019A84 /* Repository.swift in Sources */,
				3D35DBE325CB79CD00019A84 /* API.swift in Sources */,
				3D35DB6D25CB688E00019A84 /* SceneDelegate.swift in Sources */,
			);
			runOnlyForDeploymentPostprocessing = 0;
		};
		3D35DB7925CB689000019A84 /* Sources */ = {
			isa = PBXSourcesBuildPhase;
			buildActionMask = 2147483647;
			files = (
				3D35DB8225CB689000019A84 /* CovidMVVMTests.swift in Sources */,
			);
			runOnlyForDeploymentPostprocessing = 0;
		};
		3D35DB8425CB689000019A84 /* Sources */ = {
			isa = PBXSourcesBuildPhase;
			buildActionMask = 2147483647;
			files = (
				3D35DB8D25CB689000019A84 /* CovidMVVMUITests.swift in Sources */,
			);
			runOnlyForDeploymentPostprocessing = 0;
		};
/* End PBXSourcesBuildPhase section */

/* Begin PBXTargetDependency section */
		3D35DB7F25CB689000019A84 /* PBXTargetDependency */ = {
			isa = PBXTargetDependency;
			target = 3D35DB6625CB688E00019A84 /* CovidMVVM */;
			targetProxy = 3D35DB7E25CB689000019A84 /* PBXContainerItemProxy */;
		};
		3D35DB8A25CB689000019A84 /* PBXTargetDependency */ = {
			isa = PBXTargetDependency;
			target = 3D35DB6625CB688E00019A84 /* CovidMVVM */;
			targetProxy = 3D35DB8925CB689000019A84 /* PBXContainerItemProxy */;
		};
/* End PBXTargetDependency section */

/* Begin PBXVariantGroup section */
		3D35DB7525CB688F00019A84 /* LaunchScreen.storyboard */ = {
			isa = PBXVariantGroup;
			children = (
				3D35DB7625CB688F00019A84 /* Base */,
			);
			name = LaunchScreen.storyboard;
			sourceTree = "<group>";
		};
/* End PBXVariantGroup section */

/* Begin XCBuildConfiguration section */
		3D35DB8F25CB689000019A84 /* Debug */ = {
			isa = XCBuildConfiguration;
			buildSettings = {
				ALWAYS_SEARCH_USER_PATHS = NO;
				CLANG_ANALYZER_NONNULL = YES;
				CLANG_ANALYZER_NUMBER_OBJECT_CONVERSION = YES_AGGRESSIVE;
				CLANG_CXX_LANGUAGE_STANDARD = "gnu++14";
				CLANG_CXX_LIBRARY = "libc++";
				CLANG_ENABLE_MODULES = YES;
				CLANG_ENABLE_OBJC_ARC = YES;
				CLANG_ENABLE_OBJC_WEAK = YES;
				CLANG_WARN_BLOCK_CAPTURE_AUTORELEASING = YES;
				CLANG_WARN_BOOL_CONVERSION = YES;
				CLANG_WARN_COMMA = YES;
				CLANG_WARN_CONSTANT_CONVERSION = YES;
				CLANG_WARN_DEPRECATED_OBJC_IMPLEMENTATIONS = YES;
				CLANG_WARN_DIRECT_OBJC_ISA_USAGE = YES_ERROR;
				CLANG_WARN_DOCUMENTATION_COMMENTS = YES;
				CLANG_WARN_EMPTY_BODY = YES;
				CLANG_WARN_ENUM_CONVERSION = YES;
				CLANG_WARN_INFINITE_RECURSION = YES;
				CLANG_WARN_INT_CONVERSION = YES;
				CLANG_WARN_NON_LITERAL_NULL_CONVERSION = YES;
				CLANG_WARN_OBJC_IMPLICIT_RETAIN_SELF = YES;
				CLANG_WARN_OBJC_LITERAL_CONVERSION = YES;
				CLANG_WARN_OBJC_ROOT_CLASS = YES_ERROR;
				CLANG_WARN_QUOTED_INCLUDE_IN_FRAMEWORK_HEADER = YES;
				CLANG_WARN_RANGE_LOOP_ANALYSIS = YES;
				CLANG_WARN_STRICT_PROTOTYPES = YES;
				CLANG_WARN_SUSPICIOUS_MOVE = YES;
				CLANG_WARN_UNGUARDED_AVAILABILITY = YES_AGGRESSIVE;
				CLANG_WARN_UNREACHABLE_CODE = YES;
				CLANG_WARN__DUPLICATE_METHOD_MATCH = YES;
				COPY_PHASE_STRIP = NO;
				DEBUG_INFORMATION_FORMAT = dwarf;
				ENABLE_STRICT_OBJC_MSGSEND = YES;
				ENABLE_TESTABILITY = YES;
				GCC_C_LANGUAGE_STANDARD = gnu11;
				GCC_DYNAMIC_NO_PIC = NO;
				GCC_NO_COMMON_BLOCKS = YES;
				GCC_OPTIMIZATION_LEVEL = 0;
				GCC_PREPROCESSOR_DEFINITIONS = (
					"DEBUG=1",
					"$(inherited)",
				);
				GCC_WARN_64_TO_32_BIT_CONVERSION = YES;
				GCC_WARN_ABOUT_RETURN_TYPE = YES_ERROR;
				GCC_WARN_UNDECLARED_SELECTOR = YES;
				GCC_WARN_UNINITIALIZED_AUTOS = YES_AGGRESSIVE;
				GCC_WARN_UNUSED_FUNCTION = YES;
				GCC_WARN_UNUSED_VARIABLE = YES;
				IPHONEOS_DEPLOYMENT_TARGET = 14.2;
				MTL_ENABLE_DEBUG_INFO = INCLUDE_SOURCE;
				MTL_FAST_MATH = YES;
				ONLY_ACTIVE_ARCH = YES;
				SDKROOT = iphoneos;
				SWIFT_ACTIVE_COMPILATION_CONDITIONS = DEBUG;
				SWIFT_OPTIMIZATION_LEVEL = "-Onone";
			};
			name = Debug;
		};
		3D35DB9025CB689000019A84 /* Release */ = {
			isa = XCBuildConfiguration;
			buildSettings = {
				ALWAYS_SEARCH_USER_PATHS = NO;
				CLANG_ANALYZER_NONNULL = YES;
				CLANG_ANALYZER_NUMBER_OBJECT_CONVERSION = YES_AGGRESSIVE;
				CLANG_CXX_LANGUAGE_STANDARD = "gnu++14";
				CLANG_CXX_LIBRARY = "libc++";
				CLANG_ENABLE_MODULES = YES;
				CLANG_ENABLE_OBJC_ARC = YES;
				CLANG_ENABLE_OBJC_WEAK = YES;
				CLANG_WARN_BLOCK_CAPTURE_AUTORELEASING = YES;
				CLANG_WARN_BOOL_CONVERSION = YES;
				CLANG_WARN_COMMA = YES;
				CLANG_WARN_CONSTANT_CONVERSION = YES;
				CLANG_WARN_DEPRECATED_OBJC_IMPLEMENTATIONS = YES;
				CLANG_WARN_DIRECT_OBJC_ISA_USAGE = YES_ERROR;
				CLANG_WARN_DOCUMENTATION_COMMENTS = YES;
				CLANG_WARN_EMPTY_BODY = YES;
				CLANG_WARN_ENUM_CONVERSION = YES;
				CLANG_WARN_INFINITE_RECURSION = YES;
				CLANG_WARN_INT_CONVERSION = YES;
				CLANG_WARN_NON_LITERAL_NULL_CONVERSION = YES;
				CLANG_WARN_OBJC_IMPLICIT_RETAIN_SELF = YES;
				CLANG_WARN_OBJC_LITERAL_CONVERSION = YES;
				CLANG_WARN_OBJC_ROOT_CLASS = YES_ERROR;
				CLANG_WARN_QUOTED_INCLUDE_IN_FRAMEWORK_HEADER = YES;
				CLANG_WARN_RANGE_LOOP_ANALYSIS = YES;
				CLANG_WARN_STRICT_PROTOTYPES = YES;
				CLANG_WARN_SUSPICIOUS_MOVE = YES;
				CLANG_WARN_UNGUARDED_AVAILABILITY = YES_AGGRESSIVE;
				CLANG_WARN_UNREACHABLE_CODE = YES;
				CLANG_WARN__DUPLICATE_METHOD_MATCH = YES;
				COPY_PHASE_STRIP = NO;
				DEBUG_INFORMATION_FORMAT = "dwarf-with-dsym";
				ENABLE_NS_ASSERTIONS = NO;
				ENABLE_STRICT_OBJC_MSGSEND = YES;
				GCC_C_LANGUAGE_STANDARD = gnu11;
				GCC_NO_COMMON_BLOCKS = YES;
				GCC_WARN_64_TO_32_BIT_CONVERSION = YES;
				GCC_WARN_ABOUT_RETURN_TYPE = YES_ERROR;
				GCC_WARN_UNDECLARED_SELECTOR = YES;
				GCC_WARN_UNINITIALIZED_AUTOS = YES_AGGRESSIVE;
				GCC_WARN_UNUSED_FUNCTION = YES;
				GCC_WARN_UNUSED_VARIABLE = YES;
				IPHONEOS_DEPLOYMENT_TARGET = 14.2;
				MTL_ENABLE_DEBUG_INFO = NO;
				MTL_FAST_MATH = YES;
				SDKROOT = iphoneos;
				SWIFT_COMPILATION_MODE = wholemodule;
				SWIFT_OPTIMIZATION_LEVEL = "-O";
				VALIDATE_PRODUCT = YES;
			};
			name = Release;
		};
		3D35DB9225CB689000019A84 /* Debug */ = {
			isa = XCBuildConfiguration;
			baseConfigurationReference = 7D437B7CA6A96DCFC165004A /* Pods-CovidMVVM.debug.xcconfig */;
			buildSettings = {
				ASSETCATALOG_COMPILER_APPICON_NAME = AppIcon;
				ASSETCATALOG_COMPILER_GLOBAL_ACCENT_COLOR_NAME = AccentColor;
				CODE_SIGN_STYLE = Automatic;
				DEVELOPMENT_TEAM = 8CF3WRD2QV;
				INFOPLIST_FILE = CovidMVVM/Info.plist;
				LD_RUNPATH_SEARCH_PATHS = (
					"$(inherited)",
					"@executable_path/Frameworks",
				);
				PRODUCT_BUNDLE_IDENTIFIER = FirstProject.CovidMVVM;
				PRODUCT_NAME = "$(TARGET_NAME)";
				SWIFT_VERSION = 5.0;
				TARGETED_DEVICE_FAMILY = "1,2";
			};
			name = Debug;
		};
		3D35DB9325CB689000019A84 /* Release */ = {
			isa = XCBuildConfiguration;
			baseConfigurationReference = 1436B011CA843404B7940D49 /* Pods-CovidMVVM.release.xcconfig */;
			buildSettings = {
				ASSETCATALOG_COMPILER_APPICON_NAME = AppIcon;
				ASSETCATALOG_COMPILER_GLOBAL_ACCENT_COLOR_NAME = AccentColor;
				CODE_SIGN_STYLE = Automatic;
				DEVELOPMENT_TEAM = 8CF3WRD2QV;
				INFOPLIST_FILE = CovidMVVM/Info.plist;
				LD_RUNPATH_SEARCH_PATHS = (
					"$(inherited)",
					"@executable_path/Frameworks",
				);
				PRODUCT_BUNDLE_IDENTIFIER = FirstProject.CovidMVVM;
				PRODUCT_NAME = "$(TARGET_NAME)";
				SWIFT_VERSION = 5.0;
				TARGETED_DEVICE_FAMILY = "1,2";
			};
			name = Release;
		};
		3D35DB9525CB689000019A84 /* Debug */ = {
			isa = XCBuildConfiguration;
			baseConfigurationReference = 79F05A11F1AB0B3209E44BF0 /* Pods-CovidMVVMTests.debug.xcconfig */;
			buildSettings = {
				ALWAYS_EMBED_SWIFT_STANDARD_LIBRARIES = YES;
				BUNDLE_LOADER = "$(TEST_HOST)";
				CODE_SIGN_STYLE = Automatic;
				INFOPLIST_FILE = CovidMVVMTests/Info.plist;
				IPHONEOS_DEPLOYMENT_TARGET = 14.2;
				LD_RUNPATH_SEARCH_PATHS = (
					"$(inherited)",
					"@executable_path/Frameworks",
					"@loader_path/Frameworks",
				);
				PRODUCT_BUNDLE_IDENTIFIER = FirstProject.CovidMVVMTests;
				PRODUCT_NAME = "$(TARGET_NAME)";
				SWIFT_VERSION = 5.0;
				TARGETED_DEVICE_FAMILY = "1,2";
				TEST_HOST = "$(BUILT_PRODUCTS_DIR)/CovidMVVM.app/CovidMVVM";
			};
			name = Debug;
		};
		3D35DB9625CB689000019A84 /* Release */ = {
			isa = XCBuildConfiguration;
			baseConfigurationReference = 23EF72E7D28C42B9214ECFB4 /* Pods-CovidMVVMTests.release.xcconfig */;
			buildSettings = {
				ALWAYS_EMBED_SWIFT_STANDARD_LIBRARIES = YES;
				BUNDLE_LOADER = "$(TEST_HOST)";
				CODE_SIGN_STYLE = Automatic;
				INFOPLIST_FILE = CovidMVVMTests/Info.plist;
				IPHONEOS_DEPLOYMENT_TARGET = 14.2;
				LD_RUNPATH_SEARCH_PATHS = (
					"$(inherited)",
					"@executable_path/Frameworks",
					"@loader_path/Frameworks",
				);
				PRODUCT_BUNDLE_IDENTIFIER = FirstProject.CovidMVVMTests;
				PRODUCT_NAME = "$(TARGET_NAME)";
				SWIFT_VERSION = 5.0;
				TARGETED_DEVICE_FAMILY = "1,2";
				TEST_HOST = "$(BUILT_PRODUCTS_DIR)/CovidMVVM.app/CovidMVVM";
			};
			name = Release;
		};
		3D35DB9825CB689000019A84 /* Debug */ = {
			isa = XCBuildConfiguration;
			baseConfigurationReference = 37DDDBF56FA63E7A8EDFBB87 /* Pods-CovidMVVM-CovidMVVMUITests.debug.xcconfig */;
			buildSettings = {
				ALWAYS_EMBED_SWIFT_STANDARD_LIBRARIES = YES;
				CODE_SIGN_STYLE = Automatic;
				INFOPLIST_FILE = CovidMVVMUITests/Info.plist;
				LD_RUNPATH_SEARCH_PATHS = (
					"$(inherited)",
					"@executable_path/Frameworks",
					"@loader_path/Frameworks",
				);
				PRODUCT_BUNDLE_IDENTIFIER = FirstProject.CovidMVVMUITests;
				PRODUCT_NAME = "$(TARGET_NAME)";
				SWIFT_VERSION = 5.0;
				TARGETED_DEVICE_FAMILY = "1,2";
				TEST_TARGET_NAME = CovidMVVM;
			};
			name = Debug;
		};
		3D35DB9925CB689000019A84 /* Release */ = {
			isa = XCBuildConfiguration;
			baseConfigurationReference = B0BFD043F59D15CD526D13ED /* Pods-CovidMVVM-CovidMVVMUITests.release.xcconfig */;
			buildSettings = {
				ALWAYS_EMBED_SWIFT_STANDARD_LIBRARIES = YES;
				CODE_SIGN_STYLE = Automatic;
				INFOPLIST_FILE = CovidMVVMUITests/Info.plist;
				LD_RUNPATH_SEARCH_PATHS = (
					"$(inherited)",
					"@executable_path/Frameworks",
					"@loader_path/Frameworks",
				);
				PRODUCT_BUNDLE_IDENTIFIER = FirstProject.CovidMVVMUITests;
				PRODUCT_NAME = "$(TARGET_NAME)";
				SWIFT_VERSION = 5.0;
				TARGETED_DEVICE_FAMILY = "1,2";
				TEST_TARGET_NAME = CovidMVVM;
			};
			name = Release;
		};
/* End XCBuildConfiguration section */

/* Begin XCConfigurationList section */
		3D35DB6225CB688E00019A84 /* Build configuration list for PBXProject "CovidMVVM" */ = {
			isa = XCConfigurationList;
			buildConfigurations = (
				3D35DB8F25CB689000019A84 /* Debug */,
				3D35DB9025CB689000019A84 /* Release */,
			);
			defaultConfigurationIsVisible = 0;
			defaultConfigurationName = Release;
		};
		3D35DB9125CB689000019A84 /* Build configuration list for PBXNativeTarget "CovidMVVM" */ = {
			isa = XCConfigurationList;
			buildConfigurations = (
				3D35DB9225CB689000019A84 /* Debug */,
				3D35DB9325CB689000019A84 /* Release */,
			);
			defaultConfigurationIsVisible = 0;
			defaultConfigurationName = Release;
		};
		3D35DB9425CB689000019A84 /* Build configuration list for PBXNativeTarget "CovidMVVMTests" */ = {
			isa = XCConfigurationList;
			buildConfigurations = (
				3D35DB9525CB689000019A84 /* Debug */,
				3D35DB9625CB689000019A84 /* Release */,
			);
			defaultConfigurationIsVisible = 0;
			defaultConfigurationName = Release;
		};
		3D35DB9725CB689000019A84 /* Build configuration list for PBXNativeTarget "CovidMVVMUITests" */ = {
			isa = XCConfigurationList;
			buildConfigurations = (
				3D35DB9825CB689000019A84 /* Debug */,
				3D35DB9925CB689000019A84 /* Release */,
			);
			defaultConfigurationIsVisible = 0;
			defaultConfigurationName = Release;
		};
/* End XCConfigurationList section */
	};
	rootObject = 3D35DB5F25CB688E00019A84 /* Project object */;
}
